
Microsoft Visual Studio Solution File, Format Version 12.00
# Visual Studio Version 16
VisualStudioVersion = 16.0.30804.86
MinimumVisualStudioVersion = 10.0.40219.1
Project("{FAE04EC0-301F-11D3-BF4B-00C04F79EFBC}") = "PracaInz.Web", "PracaInz\PracaInz.Web.csproj", "{53B5CFF7-60D8-4679-8E79-C6537C5D14F4}"
EndProject
Project("{FAE04EC0-301F-11D3-BF4B-00C04F79EFBC}") = "PracaInz.BLL", "PracaInz.BLL\PracaInz.BLL.csproj", "{2DC1239A-6170-407F-A54A-54E36E3E21DE}"
EndProject
Project("{FAE04EC0-301F-11D3-BF4B-00C04F79EFBC}") = "PracaInz.DAL", "PracaInz.DAL\PracaInz.DAL.csproj", "{1530CF8F-816A-4C98-A94C-7B1B53AB9107}"
EndProject
Project("{FAE04EC0-301F-11D3-BF4B-00C04F79EFBC}") = "PracaInz.ViewModels", "PracaInz.ViewModels\PracaInz.ViewModels.csproj", "{C6F1CEC6-4DD4-4E70-A08A-3F72D10B5309}"
EndProject
Project("{FAE04EC0-301F-11D3-BF4B-00C04F79EFBC}") = "PracaInz.Services", "PracaInz.Services\PracaInz.Services.csproj", "{F50FC583-DEE4-49C4-877A-3B023AEBB3D7}"
EndProject
Global
	GlobalSection(SolutionConfigurationPlatforms) = preSolution
		Debug|Any CPU = Debug|Any CPU
		Release|Any CPU = Release|Any CPU
	EndGlobalSection
	GlobalSection(ProjectConfigurationPlatforms) = postSolution
		{53B5CFF7-60D8-4679-8E79-C6537C5D14F4}.Debug|Any CPU.ActiveCfg = Debug|Any CPU
		{53B5CFF7-60D8-4679-8E79-C6537C5D14F4}.Debug|Any CPU.Build.0 = Debug|Any CPU
		{53B5CFF7-60D8-4679-8E79-C6537C5D14F4}.Release|Any CPU.ActiveCfg = Release|Any CPU
		{53B5CFF7-60D8-4679-8E79-C6537C5D14F4}.Release|Any CPU.Build.0 = Release|Any CPU
		{2DC1239A-6170-407F-A54A-54E36E3E21DE}.Debug|Any CPU.ActiveCfg = Debug|Any CPU
		{2DC1239A-6170-407F-A54A-54E36E3E21DE}.Debug|Any CPU.Build.0 = Debug|Any CPU
		{2DC1239A-6170-407F-A54A-54E36E3E21DE}.Release|Any CPU.ActiveCfg = Release|Any CPU
		{2DC1239A-6170-407F-A54A-54E36E3E21DE}.Release|Any CPU.Build.0 = Release|Any CPU
		{1530CF8F-816A-4C98-A94C-7B1B53AB9107}.Debug|Any CPU.ActiveCfg = Debug|Any CPU
		{1530CF8F-816A-4C98-A94C-7B1B53AB9107}.Debug|Any CPU.Build.0 = Debug|Any CPU
		{1530CF8F-816A-4C98-A94C-7B1B53AB9107}.Release|Any CPU.ActiveCfg = Release|Any CPU
		{1530CF8F-816A-4C98-A94C-7B1B53AB9107}.Release|Any CPU.Build.0 = Release|Any CPU
		{C6F1CEC6-4DD4-4E70-A08A-3F72D10B5309}.Debug|Any CPU.ActiveCfg = Debug|Any CPU
		{C6F1CEC6-4DD4-4E70-A08A-3F72D10B5309}.Debug|Any CPU.Build.0 = Debug|Any CPU
		{C6F1CEC6-4DD4-4E70-A08A-3F72D10B5309}.Release|Any CPU.ActiveCfg = Release|Any CPU
		{C6F1CEC6-4DD4-4E70-A08A-3F72D10B5309}.Release|Any CPU.Build.0 = Release|Any CPU
		{F50FC583-DEE4-49C4-877A-3B023AEBB3D7}.Debug|Any CPU.ActiveCfg = Debug|Any CPU
		{F50FC583-DEE4-49C4-877A-3B023AEBB3D7}.Debug|Any CPU.Build.0 = Debug|Any CPU
		{F50FC583-DEE4-49C4-877A-3B023AEBB3D7}.Release|Any CPU.ActiveCfg = Release|Any CPU
		{F50FC583-DEE4-49C4-877A-3B023AEBB3D7}.Release|Any CPU.Build.0 = Release|Any CPU
	EndGlobalSection
	GlobalSection(SolutionProperties) = preSolution
		HideSolutionNode = FALSE
	EndGlobalSection
	GlobalSection(ExtensibilityGlobals) = postSolution
		SolutionGuid = {5A78C58E-D685-4842-A126-5E6A7F9CB441}
	EndGlobalSection
EndGlobal
